{
  "name": "sap.m.sample.viewsettingsdialog",
  "version": "1.0.0",
  "lockfileVersion": 1,
  "requires": true,
  "dependencies": {
    "@openui5/sap.f": {
      "version": "1.75.0",
      "resolved": "https://nexus.js-soft.com/repository/npm-group/@openui5/sap.f/-/sap.f-1.75.0.tgz",
      "integrity": "sha512-GtRqWfG9ftCcR7MqqNUYdu4wvUfkgMJ9C9dektvfm8OOojMiWPscgK09XWALE+/aHnRT1chxMfJz+O/g80M8Ng==",
      "requires": {
        "@openui5/sap.m": "1.75.0",
        "@openui5/sap.ui.core": "1.75.0",
        "@openui5/sap.ui.layout": "1.75.0"
      }
    },
    "@openui5/sap.m": {
      "version": "1.75.0",
      "resolved": "https://nexus.js-soft.com/repository/npm-group/@openui5/sap.m/-/sap.m-1.75.0.tgz",
      "integrity": "sha512-ozRdqHk8/y8S8KBgBft/1qYhXdcmywhj6YgCRDt43ic4Q+Ufrx8FpBh8jCUqeZi81qoiH1foxb3TxUeuEoZQog==",
      "requires": {
        "@openui5/sap.ui.core": "1.75.0",
        "@openui5/sap.ui.layout": "1.75.0",
        "@openui5/sap.ui.unified": "1.75.0"
      }
    },
    "@openui5/sap.ui.core": {
      "version": "1.75.0",
      "resolved": "https://nexus.js-soft.com/repository/npm-group/@openui5/sap.ui.core/-/sap.ui.core-1.75.0.tgz",
      "integrity": "sha512-tw81+6c19DbMV15W7fcsp4FTqZFEsealA970L1+3y3lB8nTy1ZzBSl1kUGUaaUHRwZIrPbnkLw5kg4kX6esaew=="
    },
    "@openui5/sap.ui.layout": {
      "version": "1.75.0",
      "resolved": "https://nexus.js-soft.com/repository/npm-group/@openui5/sap.ui.layout/-/sap.ui.layout-1.75.0.tgz",
      "integrity": "sha512-+GSgbO2ErEcRZ7c173M/yhDBdYznd92eUYOS2046sFbtsp33Xt0Smd8sOIvVrRM0CuNSxe3TaYm/yXDfa6qxUA==",
      "requires": {
        "@openui5/sap.ui.core": "1.75.0"
      }
    },
    "@openui5/sap.ui.unified": {
      "version": "1.75.0",
      "resolved": "https://nexus.js-soft.com/repository/npm-group/@openui5/sap.ui.unified/-/sap.ui.unified-1.75.0.tgz",
      "integrity": "sha512-YmMyW7GnyFWeiC8I+WSs38ii95GqPSP3z5Syz7+4YE/e59cLC9lCmaO4RKD+gior/Ee6tPN7TIkCqYvLKfYuig==",
      "requires": {
        "@openui5/sap.ui.core": "1.75.0"
      }
    },
    "@openui5/sap.uxap": {
      "version": "1.75.0",
      "resolved": "https://nexus.js-soft.com/repository/npm-group/@openui5/sap.uxap/-/sap.uxap-1.75.0.tgz",
      "integrity": "sha512-2EM/4/pesLQHsA1g4YgJFVfYOd5CquFWRiRLPEgL4D47czarsPublnVuv7VgF2y8XW7HPpE8mXmRSGwHy4cVAQ==",
      "requires": {
        "@openui5/sap.f": "1.75.0",
        "@openui5/sap.m": "1.75.0",
        "@openui5/sap.ui.core": "1.75.0",
        "@openui5/sap.ui.layout": "1.75.0"
      }
    },
    "@openui5/themelib_sap_fiori_3": {
      "version": "1.75.0",
      "resolved": "https://nexus.js-soft.com/repository/npm-group/@openui5/themelib_sap_fiori_3/-/themelib_sap_fiori_3-1.75.0.tgz",
      "integrity": "sha512-abym8uXxO9lWmvvCPuxnPgoDbHrwzNzU1FbZi6aAH+yvbYLxUngwJVdGccIe3IMJ6bnW0zQaVImRwzEWjR43vw=="
    }
  }
}
